// !$*UTF8*$!
{
	archiveVersion = 1;
	classes = {
	};
	objectVersion = 55;
	objects = {

/* Begin PBXBuildFile section */
		2196821282C2B69B1E401638 /* Pods_google_file_manager_google_file_managerUITests.framework in Frameworks */ = {isa = PBXBuildFile; fileRef = E8A68FEFF5D766EB97A84D31 /* Pods_google_file_manager_google_file_managerUITests.framework */; };
		34268A78DFA746FA7B78F539 /* Pods_google_file_manager.framework in Frameworks */ = {isa = PBXBuildFile; fileRef = 94616920F2E65C5E19B8E5D3 /* Pods_google_file_manager.framework */; };
		9BDEDA28FAA685CD1812A8BB /* Pods_google_file_managerTests.framework in Frameworks */ = {isa = PBXBuildFile; fileRef = B7AB4A2DE698CAA0641C57C9 /* Pods_google_file_managerTests.framework */; };
		F34B18682850CB4C00128204 /* AppDelegate.swift in Sources */ = {isa = PBXBuildFile; fileRef = F34B18672850CB4C00128204 /* AppDelegate.swift */; };
		F34B186A2850CB4C00128204 /* SceneDelegate.swift in Sources */ = {isa = PBXBuildFile; fileRef = F34B18692850CB4C00128204 /* SceneDelegate.swift */; };
		F34B186C2850CB4C00128204 /* ViewController.swift in Sources */ = {isa = PBXBuildFile; fileRef = F34B186B2850CB4C00128204 /* ViewController.swift */; };
		F34B18712850CB4D00128204 /* Assets.xcassets in Resources */ = {isa = PBXBuildFile; fileRef = F34B18702850CB4D00128204 /* Assets.xcassets */; };
		F34B18742850CB4D00128204 /* LaunchScreen.storyboard in Resources */ = {isa = PBXBuildFile; fileRef = F34B18722850CB4D00128204 /* LaunchScreen.storyboard */; };
		F34B187F2850CB4D00128204 /* google_file_managerTests.swift in Sources */ = {isa = PBXBuildFile; fileRef = F34B187E2850CB4D00128204 /* google_file_managerTests.swift */; };
		F34B18892850CB4D00128204 /* google_file_managerUITests.swift in Sources */ = {isa = PBXBuildFile; fileRef = F34B18882850CB4D00128204 /* google_file_managerUITests.swift */; };
		F34B188B2850CB4D00128204 /* google_file_managerUITestsLaunchTests.swift in Sources */ = {isa = PBXBuildFile; fileRef = F34B188A2850CB4D00128204 /* google_file_managerUITestsLaunchTests.swift */; };
		F34B18992851AB8C00128204 /* GoogleService.swift in Sources */ = {isa = PBXBuildFile; fileRef = F34B18982851AB8C00128204 /* GoogleService.swift */; };
		F34B189B2851AEBE00128204 /* SignInViewController.swift in Sources */ = {isa = PBXBuildFile; fileRef = F34B189A2851AEBE00128204 /* SignInViewController.swift */; };
		F34B189D2851BD5F00128204 /* AuthenticationViewModel.swift in Sources */ = {isa = PBXBuildFile; fileRef = F34B189C2851BD5F00128204 /* AuthenticationViewModel.swift */; };
		F34B189F28536A3600128204 /* UIView+Extension.swift in Sources */ = {isa = PBXBuildFile; fileRef = F34B189E28536A3600128204 /* UIView+Extension.swift */; };
		F398BA7F2856FA200012041E /* FilesViewController.swift in Sources */ = {isa = PBXBuildFile; fileRef = F398BA7E2856FA200012041E /* FilesViewController.swift */; };
		F398BA87285701350012041E /* FilesViewModelType.swift in Sources */ = {isa = PBXBuildFile; fileRef = F398BA86285701350012041E /* FilesViewModelType.swift */; };
		F398BA8A285701F40012041E /* FilesItemViewModelType.swift in Sources */ = {isa = PBXBuildFile; fileRef = F398BA89285701F40012041E /* FilesItemViewModelType.swift */; };
		F398BA8C285702D90012041E /* UIColor+Extension.swift in Sources */ = {isa = PBXBuildFile; fileRef = F398BA8B285702D90012041E /* UIColor+Extension.swift */; };
		F398BA8E285706050012041E /* FilesViewModel.swift in Sources */ = {isa = PBXBuildFile; fileRef = F398BA8D285706050012041E /* FilesViewModel.swift */; };
		F398BA90285709AD0012041E /* FilesItemViewModel.swift in Sources */ = {isa = PBXBuildFile; fileRef = F398BA8F285709AD0012041E /* FilesItemViewModel.swift */; };
		F398BA9328570E900012041E /* FilesTableViewCell.swift in Sources */ = {isa = PBXBuildFile; fileRef = F398BA9228570E900012041E /* FilesTableViewCell.swift */; };
		F398BA9528571A960012041E /* UIImage+Extension.swift in Sources */ = {isa = PBXBuildFile; fileRef = F398BA9428571A960012041E /* UIImage+Extension.swift */; };
		F398BA97285875CC0012041E /* FilesCollectionViewCell.swift in Sources */ = {isa = PBXBuildFile; fileRef = F398BA96285875CC0012041E /* FilesCollectionViewCell.swift */; };
		F398BA992859B51B0012041E /* FilesViewModelTests.swift in Sources */ = {isa = PBXBuildFile; fileRef = F398BA982859B51B0012041E /* FilesViewModelTests.swift */; };
		F398BA9B2859CA400012041E /* FilesModelTests.swift in Sources */ = {isa = PBXBuildFile; fileRef = F398BA9A2859CA400012041E /* FilesModelTests.swift */; };
		F3C51E8B28548CD900C23755 /* NetworkService.swift in Sources */ = {isa = PBXBuildFile; fileRef = F3C51E8A28548CD900C23755 /* NetworkService.swift */; };
		F3C51E9028548E5D00C23755 /* FilesModel.swift in Sources */ = {isa = PBXBuildFile; fileRef = F3C51E8F28548E5D00C23755 /* FilesModel.swift */; };
/* End PBXBuildFile section */

/* Begin PBXContainerItemProxy section */
		F34B187B2850CB4D00128204 /* PBXContainerItemProxy */ = {
			isa = PBXContainerItemProxy;
			containerPortal = F34B185C2850CB4C00128204 /* Project object */;
			proxyType = 1;
			remoteGlobalIDString = F34B18632850CB4C00128204;
			remoteInfo = "google-file-manager";
		};
		F34B18852850CB4D00128204 /* PBXContainerItemProxy */ = {
			isa = PBXContainerItemProxy;
			containerPortal = F34B185C2850CB4C00128204 /* Project object */;
			proxyType = 1;
			remoteGlobalIDString = F34B18632850CB4C00128204;
			remoteInfo = "google-file-manager";
		};
/* End PBXContainerItemProxy section */

/* Begin PBXFileReference section */
		14EA662A8A5947D446BC4A8F /* Pods-google-file-manager.release.xcconfig */ = {isa = PBXFileReference; includeInIndex = 1; lastKnownFileType = text.xcconfig; name = "Pods-google-file-manager.release.xcconfig"; path = "Target Support Files/Pods-google-file-manager/Pods-google-file-manager.release.xcconfig"; sourceTree = "<group>"; };
		2A6FF36EEEB0921B54FD7570 /* Pods-google-file-managerTests.debug.xcconfig */ = {isa = PBXFileReference; includeInIndex = 1; lastKnownFileType = text.xcconfig; name = "Pods-google-file-managerTests.debug.xcconfig"; path = "Target Support Files/Pods-google-file-managerTests/Pods-google-file-managerTests.debug.xcconfig"; sourceTree = "<group>"; };
		6BC74633C529517040BC2ED6 /* Pods-google-file-manager.debug.xcconfig */ = {isa = PBXFileReference; includeInIndex = 1; lastKnownFileType = text.xcconfig; name = "Pods-google-file-manager.debug.xcconfig"; path = "Target Support Files/Pods-google-file-manager/Pods-google-file-manager.debug.xcconfig"; sourceTree = "<group>"; };
		7B9E8D04E05ADD2DB44AA3B2 /* Pods-google-file-manager-google-file-managerUITests.release.xcconfig */ = {isa = PBXFileReference; includeInIndex = 1; lastKnownFileType = text.xcconfig; name = "Pods-google-file-manager-google-file-managerUITests.release.xcconfig"; path = "Target Support Files/Pods-google-file-manager-google-file-managerUITests/Pods-google-file-manager-google-file-managerUITests.release.xcconfig"; sourceTree = "<group>"; };
		80BA9C49BFFD607F771080B6 /* Pods-google-file-managerTests.release.xcconfig */ = {isa = PBXFileReference; includeInIndex = 1; lastKnownFileType = text.xcconfig; name = "Pods-google-file-managerTests.release.xcconfig"; path = "Target Support Files/Pods-google-file-managerTests/Pods-google-file-managerTests.release.xcconfig"; sourceTree = "<group>"; };
		94616920F2E65C5E19B8E5D3 /* Pods_google_file_manager.framework */ = {isa = PBXFileReference; explicitFileType = wrapper.framework; includeInIndex = 0; path = Pods_google_file_manager.framework; sourceTree = BUILT_PRODUCTS_DIR; };
		AEED8B8C14620F24F5846899 /* Pods-google-file-manager-google-file-managerUITests.debug.xcconfig */ = {isa = PBXFileReference; includeInIndex = 1; lastKnownFileType = text.xcconfig; name = "Pods-google-file-manager-google-file-managerUITests.debug.xcconfig"; path = "Target Support Files/Pods-google-file-manager-google-file-managerUITests/Pods-google-file-manager-google-file-managerUITests.debug.xcconfig"; sourceTree = "<group>"; };
		B7AB4A2DE698CAA0641C57C9 /* Pods_google_file_managerTests.framework */ = {isa = PBXFileReference; explicitFileType = wrapper.framework; includeInIndex = 0; path = Pods_google_file_managerTests.framework; sourceTree = BUILT_PRODUCTS_DIR; };
		E8A68FEFF5D766EB97A84D31 /* Pods_google_file_manager_google_file_managerUITests.framework */ = {isa = PBXFileReference; explicitFileType = wrapper.framework; includeInIndex = 0; path = Pods_google_file_manager_google_file_managerUITests.framework; sourceTree = BUILT_PRODUCTS_DIR; };
		F34B18642850CB4C00128204 /* google-file-manager.app */ = {isa = PBXFileReference; explicitFileType = wrapper.application; includeInIndex = 0; path = "google-file-manager.app"; sourceTree = BUILT_PRODUCTS_DIR; };
		F34B18672850CB4C00128204 /* AppDelegate.swift */ = {isa = PBXFileReference; lastKnownFileType = sourcecode.swift; path = AppDelegate.swift; sourceTree = "<group>"; };
		F34B18692850CB4C00128204 /* SceneDelegate.swift */ = {isa = PBXFileReference; lastKnownFileType = sourcecode.swift; path = SceneDelegate.swift; sourceTree = "<group>"; };
		F34B186B2850CB4C00128204 /* ViewController.swift */ = {isa = PBXFileReference; lastKnownFileType = sourcecode.swift; path = ViewController.swift; sourceTree = "<group>"; };
		F34B18702850CB4D00128204 /* Assets.xcassets */ = {isa = PBXFileReference; lastKnownFileType = folder.assetcatalog; path = Assets.xcassets; sourceTree = "<group>"; };
		F34B18732850CB4D00128204 /* Base */ = {isa = PBXFileReference; lastKnownFileType = file.storyboard; name = Base; path = Base.lproj/LaunchScreen.storyboard; sourceTree = "<group>"; };
		F34B18752850CB4D00128204 /* Info.plist */ = {isa = PBXFileReference; lastKnownFileType = text.plist.xml; path = Info.plist; sourceTree = "<group>"; };
		F34B187A2850CB4D00128204 /* google-file-managerTests.xctest */ = {isa = PBXFileReference; explicitFileType = wrapper.cfbundle; includeInIndex = 0; path = "google-file-managerTests.xctest"; sourceTree = BUILT_PRODUCTS_DIR; };
		F34B187E2850CB4D00128204 /* google_file_managerTests.swift */ = {isa = PBXFileReference; lastKnownFileType = sourcecode.swift; path = google_file_managerTests.swift; sourceTree = "<group>"; };
		F34B18842850CB4D00128204 /* google-file-managerUITests.xctest */ = {isa = PBXFileReference; explicitFileType = wrapper.cfbundle; includeInIndex = 0; path = "google-file-managerUITests.xctest"; sourceTree = BUILT_PRODUCTS_DIR; };
		F34B18882850CB4D00128204 /* google_file_managerUITests.swift */ = {isa = PBXFileReference; lastKnownFileType = sourcecode.swift; path = google_file_managerUITests.swift; sourceTree = "<group>"; };
		F34B188A2850CB4D00128204 /* google_file_managerUITestsLaunchTests.swift */ = {isa = PBXFileReference; lastKnownFileType = sourcecode.swift; path = google_file_managerUITestsLaunchTests.swift; sourceTree = "<group>"; };
		F34B18982851AB8C00128204 /* GoogleService.swift */ = {isa = PBXFileReference; lastKnownFileType = sourcecode.swift; path = GoogleService.swift; sourceTree = "<group>"; };
		F34B189A2851AEBE00128204 /* SignInViewController.swift */ = {isa = PBXFileReference; lastKnownFileType = sourcecode.swift; path = SignInViewController.swift; sourceTree = "<group>"; };
		F34B189C2851BD5F00128204 /* AuthenticationViewModel.swift */ = {isa = PBXFileReference; lastKnownFileType = sourcecode.swift; path = AuthenticationViewModel.swift; sourceTree = "<group>"; };
		F34B189E28536A3600128204 /* UIView+Extension.swift */ = {isa = PBXFileReference; lastKnownFileType = sourcecode.swift; path = "UIView+Extension.swift"; sourceTree = "<group>"; };
		F398BA7E2856FA200012041E /* FilesViewController.swift */ = {isa = PBXFileReference; lastKnownFileType = sourcecode.swift; path = FilesViewController.swift; sourceTree = "<group>"; };
		F398BA86285701350012041E /* FilesViewModelType.swift */ = {isa = PBXFileReference; lastKnownFileType = sourcecode.swift; path = FilesViewModelType.swift; sourceTree = "<group>"; };
		F398BA89285701F40012041E /* FilesItemViewModelType.swift */ = {isa = PBXFileReference; lastKnownFileType = sourcecode.swift; path = FilesItemViewModelType.swift; sourceTree = "<group>"; };
		F398BA8B285702D90012041E /* UIColor+Extension.swift */ = {isa = PBXFileReference; lastKnownFileType = sourcecode.swift; path = "UIColor+Extension.swift"; sourceTree = "<group>"; };
		F398BA8D285706050012041E /* FilesViewModel.swift */ = {isa = PBXFileReference; lastKnownFileType = sourcecode.swift; path = FilesViewModel.swift; sourceTree = "<group>"; };
		F398BA8F285709AD0012041E /* FilesItemViewModel.swift */ = {isa = PBXFileReference; lastKnownFileType = sourcecode.swift; path = FilesItemViewModel.swift; sourceTree = "<group>"; };
		F398BA9228570E900012041E /* FilesTableViewCell.swift */ = {isa = PBXFileReference; lastKnownFileType = sourcecode.swift; path = FilesTableViewCell.swift; sourceTree = "<group>"; };
		F398BA9428571A960012041E /* UIImage+Extension.swift */ = {isa = PBXFileReference; lastKnownFileType = sourcecode.swift; path = "UIImage+Extension.swift"; sourceTree = "<group>"; };
		F398BA96285875CC0012041E /* FilesCollectionViewCell.swift */ = {isa = PBXFileReference; lastKnownFileType = sourcecode.swift; path = FilesCollectionViewCell.swift; sourceTree = "<group>"; };
		F398BA982859B51B0012041E /* FilesViewModelTests.swift */ = {isa = PBXFileReference; lastKnownFileType = sourcecode.swift; path = FilesViewModelTests.swift; sourceTree = "<group>"; };
		F398BA9A2859CA400012041E /* FilesModelTests.swift */ = {isa = PBXFileReference; lastKnownFileType = sourcecode.swift; path = FilesModelTests.swift; sourceTree = "<group>"; };
		F3C51E8A28548CD900C23755 /* NetworkService.swift */ = {isa = PBXFileReference; lastKnownFileType = sourcecode.swift; path = NetworkService.swift; sourceTree = "<group>"; };
		F3C51E8F28548E5D00C23755 /* FilesModel.swift */ = {isa = PBXFileReference; lastKnownFileType = sourcecode.swift; path = FilesModel.swift; sourceTree = "<group>"; };
/* End PBXFileReference section */

/* Begin PBXFrameworksBuildPhase section */
		F34B18612850CB4C00128204 /* Frameworks */ = {
			isa = PBXFrameworksBuildPhase;
			buildActionMask = 2147483647;
			files = (
				34268A78DFA746FA7B78F539 /* Pods_google_file_manager.framework in Frameworks */,
			);
			runOnlyForDeploymentPostprocessing = 0;
		};
		F34B18772850CB4D00128204 /* Frameworks */ = {
			isa = PBXFrameworksBuildPhase;
			buildActionMask = 2147483647;
			files = (
				9BDEDA28FAA685CD1812A8BB /* Pods_google_file_managerTests.framework in Frameworks */,
			);
			runOnlyForDeploymentPostprocessing = 0;
		};
		F34B18812850CB4D00128204 /* Frameworks */ = {
			isa = PBXFrameworksBuildPhase;
			buildActionMask = 2147483647;
			files = (
				2196821282C2B69B1E401638 /* Pods_google_file_manager_google_file_managerUITests.framework in Frameworks */,
			);
			runOnlyForDeploymentPostprocessing = 0;
		};
/* End PBXFrameworksBuildPhase section */

/* Begin PBXGroup section */
		D59F83050505B4410AC21735 /* Pods */ = {
			isa = PBXGroup;
			children = (
				6BC74633C529517040BC2ED6 /* Pods-google-file-manager.debug.xcconfig */,
				14EA662A8A5947D446BC4A8F /* Pods-google-file-manager.release.xcconfig */,
				AEED8B8C14620F24F5846899 /* Pods-google-file-manager-google-file-managerUITests.debug.xcconfig */,
				7B9E8D04E05ADD2DB44AA3B2 /* Pods-google-file-manager-google-file-managerUITests.release.xcconfig */,
				2A6FF36EEEB0921B54FD7570 /* Pods-google-file-managerTests.debug.xcconfig */,
				80BA9C49BFFD607F771080B6 /* Pods-google-file-managerTests.release.xcconfig */,
			);
			path = Pods;
			sourceTree = "<group>";
		};
		DFC2B8D25681E2C25278B589 /* Frameworks */ = {
			isa = PBXGroup;
			children = (
				94616920F2E65C5E19B8E5D3 /* Pods_google_file_manager.framework */,
				E8A68FEFF5D766EB97A84D31 /* Pods_google_file_manager_google_file_managerUITests.framework */,
				B7AB4A2DE698CAA0641C57C9 /* Pods_google_file_managerTests.framework */,
			);
			name = Frameworks;
			sourceTree = "<group>";
		};
		F34B185B2850CB4C00128204 = {
			isa = PBXGroup;
			children = (
				F34B18662850CB4C00128204 /* google-file-manager */,
				F34B187D2850CB4D00128204 /* google-file-managerTests */,
				F34B18872850CB4D00128204 /* google-file-managerUITests */,
				F34B18652850CB4C00128204 /* Products */,
				D59F83050505B4410AC21735 /* Pods */,
				DFC2B8D25681E2C25278B589 /* Frameworks */,
			);
			sourceTree = "<group>";
		};
		F34B18652850CB4C00128204 /* Products */ = {
			isa = PBXGroup;
			children = (
				F34B18642850CB4C00128204 /* google-file-manager.app */,
				F34B187A2850CB4D00128204 /* google-file-managerTests.xctest */,
				F34B18842850CB4D00128204 /* google-file-managerUITests.xctest */,
			);
			name = Products;
			sourceTree = "<group>";
		};
		F34B18662850CB4C00128204 /* google-file-manager */ = {
			isa = PBXGroup;
			children = (
				F34B18972850CDC100128204 /* Application */,
				F398BA812856FBAD0012041E /* Presentation */,
				F3C51E8E28548E3D00C23755 /* Model */,
				F3C51E8C28548D9200C23755 /* Services */,
				F3C51E8D28548DAA00C23755 /* Extensions */,
				F34B186B2850CB4C00128204 /* ViewController.swift */,
				F34B189C2851BD5F00128204 /* AuthenticationViewModel.swift */,
				F34B18702850CB4D00128204 /* Assets.xcassets */,
				F34B18722850CB4D00128204 /* LaunchScreen.storyboard */,
				F34B18752850CB4D00128204 /* Info.plist */,
				F398BA852856FC5A0012041E /* Resources */,
			);
			path = "google-file-manager";
			sourceTree = "<group>";
		};
		F34B187D2850CB4D00128204 /* google-file-managerTests */ = {
			isa = PBXGroup;
			children = (
				F34B187E2850CB4D00128204 /* google_file_managerTests.swift */,
				F398BA982859B51B0012041E /* FilesViewModelTests.swift */,
				F398BA9A2859CA400012041E /* FilesModelTests.swift */,
			);
			path = "google-file-managerTests";
			sourceTree = "<group>";
		};
		F34B18872850CB4D00128204 /* google-file-managerUITests */ = {
			isa = PBXGroup;
			children = (
				F34B18882850CB4D00128204 /* google_file_managerUITests.swift */,
				F34B188A2850CB4D00128204 /* google_file_managerUITestsLaunchTests.swift */,
			);
			path = "google-file-managerUITests";
			sourceTree = "<group>";
		};
		F34B18972850CDC100128204 /* Application */ = {
			isa = PBXGroup;
			children = (
				F34B18672850CB4C00128204 /* AppDelegate.swift */,
				F34B18692850CB4C00128204 /* SceneDelegate.swift */,
			);
			path = Application;
			sourceTree = "<group>";
		};
		F398BA802856FBA30012041E /* View */ = {
			isa = PBXGroup;
			children = (
				F398BA9128570E700012041E /* Cell */,
				F398BA7E2856FA200012041E /* FilesViewController.swift */,
			);
			path = View;
			sourceTree = "<group>";
		};
		F398BA812856FBAD0012041E /* Presentation */ = {
			isa = PBXGroup;
			children = (
				F398BA842856FBF20012041E /* Authorization */,
				F398BA822856FBE20012041E /* Files */,
			);
			path = Presentation;
			sourceTree = "<group>";
		};
		F398BA822856FBE20012041E /* Files */ = {
			isa = PBXGroup;
			children = (
				F398BA802856FBA30012041E /* View */,
				F398BA88285701390012041E /* ViewModel */,
			);
			path = Files;
			sourceTree = "<group>";
		};
		F398BA832856FBEA0012041E /* View */ = {
			isa = PBXGroup;
			children = (
				F34B189A2851AEBE00128204 /* SignInViewController.swift */,
			);
			path = View;
			sourceTree = "<group>";
		};
		F398BA842856FBF20012041E /* Authorization */ = {
			isa = PBXGroup;
			children = (
				F398BA832856FBEA0012041E /* View */,
			);
			path = Authorization;
			sourceTree = "<group>";
		};
		F398BA852856FC5A0012041E /* Resources */ = {
			isa = PBXGroup;
			children = (
			);
			path = Resources;
			sourceTree = "<group>";
		};
		F398BA88285701390012041E /* ViewModel */ = {
			isa = PBXGroup;
			children = (
				F398BA86285701350012041E /* FilesViewModelType.swift */,
				F398BA8D285706050012041E /* FilesViewModel.swift */,
				F398BA89285701F40012041E /* FilesItemViewModelType.swift */,
				F398BA8F285709AD0012041E /* FilesItemViewModel.swift */,
			);
			path = ViewModel;
			sourceTree = "<group>";
		};
		F398BA9128570E700012041E /* Cell */ = {
			isa = PBXGroup;
			children = (
				F398BA9228570E900012041E /* FilesTableViewCell.swift */,
				F398BA96285875CC0012041E /* FilesCollectionViewCell.swift */,
			);
			path = Cell;
			sourceTree = "<group>";
		};
		F3C51E8C28548D9200C23755 /* Services */ = {
			isa = PBXGroup;
			children = (
				F34B18982851AB8C00128204 /* GoogleService.swift */,
				F3C51E8A28548CD900C23755 /* NetworkService.swift */,
			);
			path = Services;
			sourceTree = "<group>";
		};
		F3C51E8D28548DAA00C23755 /* Extensions */ = {
			isa = PBXGroup;
			children = (
				F34B189E28536A3600128204 /* UIView+Extension.swift */,
				F398BA8B285702D90012041E /* UIColor+Extension.swift */,
				F398BA9428571A960012041E /* UIImage+Extension.swift */,
			);
			path = Extensions;
			sourceTree = "<group>";
		};
		F3C51E8E28548E3D00C23755 /* Model */ = {
			isa = PBXGroup;
			children = (
				F3C51E8F28548E5D00C23755 /* FilesModel.swift */,
			);
			path = Model;
			sourceTree = "<group>";
		};
/* End PBXGroup section */

/* Begin PBXNativeTarget section */
		F34B18632850CB4C00128204 /* google-file-manager */ = {
			isa = PBXNativeTarget;
			buildConfigurationList = F34B188E2850CB4D00128204 /* Build configuration list for PBXNativeTarget "google-file-manager" */;
			buildPhases = (
				B64F9D2E0E8E261022DFF84C /* [CP] Check Pods Manifest.lock */,
				F34B18602850CB4C00128204 /* Sources */,
				F34B18612850CB4C00128204 /* Frameworks */,
				F34B18622850CB4C00128204 /* Resources */,
				3F63568264C1FC1CA3E44901 /* [CP] Embed Pods Frameworks */,
			);
			buildRules = (
			);
			dependencies = (
			);
			name = "google-file-manager";
			productName = "google-file-manager";
			productReference = F34B18642850CB4C00128204 /* google-file-manager.app */;
			productType = "com.apple.product-type.application";
		};
		F34B18792850CB4D00128204 /* google-file-managerTests */ = {
			isa = PBXNativeTarget;
			buildConfigurationList = F34B18912850CB4D00128204 /* Build configuration list for PBXNativeTarget "google-file-managerTests" */;
			buildPhases = (
				89CDAA7B4EFC8C28987ABD0E /* [CP] Check Pods Manifest.lock */,
				F34B18762850CB4D00128204 /* Sources */,
				F34B18772850CB4D00128204 /* Frameworks */,
				F34B18782850CB4D00128204 /* Resources */,
			);
			buildRules = (
			);
			dependencies = (
				F34B187C2850CB4D00128204 /* PBXTargetDependency */,
			);
			name = "google-file-managerTests";
			productName = "google-file-managerTests";
			productReference = F34B187A2850CB4D00128204 /* google-file-managerTests.xctest */;
			productType = "com.apple.product-type.bundle.unit-test";
		};
		F34B18832850CB4D00128204 /* google-file-managerUITests */ = {
			isa = PBXNativeTarget;
			buildConfigurationList = F34B18942850CB4D00128204 /* Build configuration list for PBXNativeTarget "google-file-managerUITests" */;
			buildPhases = (
				8B10CEB025F73F97CA2435A9 /* [CP] Check Pods Manifest.lock */,
				F34B18802850CB4D00128204 /* Sources */,
				F34B18812850CB4D00128204 /* Frameworks */,
				F34B18822850CB4D00128204 /* Resources */,
				FCC56662FE4019AD64850FC9 /* [CP] Embed Pods Frameworks */,
			);
			buildRules = (
			);
			dependencies = (
				F34B18862850CB4D00128204 /* PBXTargetDependency */,
			);
			name = "google-file-managerUITests";
			productName = "google-file-managerUITests";
			productReference = F34B18842850CB4D00128204 /* google-file-managerUITests.xctest */;
			productType = "com.apple.product-type.bundle.ui-testing";
		};
/* End PBXNativeTarget section */

/* Begin PBXProject section */
		F34B185C2850CB4C00128204 /* Project object */ = {
			isa = PBXProject;
			attributes = {
				BuildIndependentTargetsInParallel = 1;
				LastSwiftUpdateCheck = 1340;
				LastUpgradeCheck = 1340;
				TargetAttributes = {
					F34B18632850CB4C00128204 = {
						CreatedOnToolsVersion = 13.4.1;
					};
					F34B18792850CB4D00128204 = {
						CreatedOnToolsVersion = 13.4.1;
						TestTargetID = F34B18632850CB4C00128204;
					};
					F34B18832850CB4D00128204 = {
						CreatedOnToolsVersion = 13.4.1;
						TestTargetID = F34B18632850CB4C00128204;
					};
				};
			};
			buildConfigurationList = F34B185F2850CB4C00128204 /* Build configuration list for PBXProject "google-file-manager" */;
			compatibilityVersion = "Xcode 13.0";
			developmentRegion = en;
			hasScannedForEncodings = 0;
			knownRegions = (
				en,
				Base,
			);
			mainGroup = F34B185B2850CB4C00128204;
			productRefGroup = F34B18652850CB4C00128204 /* Products */;
			projectDirPath = "";
			projectRoot = "";
			targets = (
				F34B18632850CB4C00128204 /* google-file-manager */,
				F34B18792850CB4D00128204 /* google-file-managerTests */,
				F34B18832850CB4D00128204 /* google-file-managerUITests */,
			);
		};
/* End PBXProject section */

/* Begin PBXResourcesBuildPhase section */
		F34B18622850CB4C00128204 /* Resources */ = {
			isa = PBXResourcesBuildPhase;
			buildActionMask = 2147483647;
			files = (
				F34B18742850CB4D00128204 /* LaunchScreen.storyboard in Resources */,
				F34B18712850CB4D00128204 /* Assets.xcassets in Resources */,
			);
			runOnlyForDeploymentPostprocessing = 0;
		};
		F34B18782850CB4D00128204 /* Resources */ = {
			isa = PBXResourcesBuildPhase;
			buildActionMask = 2147483647;
			files = (
			);
			runOnlyForDeploymentPostprocessing = 0;
		};
		F34B18822850CB4D00128204 /* Resources */ = {
			isa = PBXResourcesBuildPhase;
			buildActionMask = 2147483647;
			files = (
			);
			runOnlyForDeploymentPostprocessing = 0;
		};
/* End PBXResourcesBuildPhase section */

/* Begin PBXShellScriptBuildPhase section */
		3F63568264C1FC1CA3E44901 /* [CP] Embed Pods Frameworks */ = {
			isa = PBXShellScriptBuildPhase;
			buildActionMask = 2147483647;
			files = (
			);
			inputFileListPaths = (
				"${PODS_ROOT}/Target Support Files/Pods-google-file-manager/Pods-google-file-manager-frameworks-${CONFIGURATION}-input-files.xcfilelist",
			);
			name = "[CP] Embed Pods Frameworks";
			outputFileListPaths = (
				"${PODS_ROOT}/Target Support Files/Pods-google-file-manager/Pods-google-file-manager-frameworks-${CONFIGURATION}-output-files.xcfilelist",
			);
			runOnlyForDeploymentPostprocessing = 0;
			shellPath = /bin/sh;
			shellScript = "\"${PODS_ROOT}/Target Support Files/Pods-google-file-manager/Pods-google-file-manager-frameworks.sh\"\n";
			showEnvVarsInLog = 0;
		};
		89CDAA7B4EFC8C28987ABD0E /* [CP] Check Pods Manifest.lock */ = {
			isa = PBXShellScriptBuildPhase;
			buildActionMask = 2147483647;
			files = (
			);
			inputFileListPaths = (
			);
			inputPaths = (
				"${PODS_PODFILE_DIR_PATH}/Podfile.lock",
				"${PODS_ROOT}/Manifest.lock",
			);
			name = "[CP] Check Pods Manifest.lock";
			outputFileListPaths = (
			);
			outputPaths = (
				"$(DERIVED_FILE_DIR)/Pods-google-file-managerTests-checkManifestLockResult.txt",
			);
			runOnlyForDeploymentPostprocessing = 0;
			shellPath = /bin/sh;
			shellScript = "diff \"${PODS_PODFILE_DIR_PATH}/Podfile.lock\" \"${PODS_ROOT}/Manifest.lock\" > /dev/null\nif [ $? != 0 ] ; then\n    # print error to STDERR\n    echo \"error: The sandbox is not in sync with the Podfile.lock. Run 'pod install' or update your CocoaPods installation.\" >&2\n    exit 1\nfi\n# This output is used by Xcode 'outputs' to avoid re-running this script phase.\necho \"SUCCESS\" > \"${SCRIPT_OUTPUT_FILE_0}\"\n";
			showEnvVarsInLog = 0;
		};
		8B10CEB025F73F97CA2435A9 /* [CP] Check Pods Manifest.lock */ = {
			isa = PBXShellScriptBuildPhase;
			buildActionMask = 2147483647;
			files = (
			);
			inputFileListPaths = (
			);
			inputPaths = (
				"${PODS_PODFILE_DIR_PATH}/Podfile.lock",
				"${PODS_ROOT}/Manifest.lock",
			);
			name = "[CP] Check Pods Manifest.lock";
			outputFileListPaths = (
			);
			outputPaths = (
				"$(DERIVED_FILE_DIR)/Pods-google-file-manager-google-file-managerUITests-checkManifestLockResult.txt",
			);
			runOnlyForDeploymentPostprocessing = 0;
			shellPath = /bin/sh;
			shellScript = "diff \"${PODS_PODFILE_DIR_PATH}/Podfile.lock\" \"${PODS_ROOT}/Manifest.lock\" > /dev/null\nif [ $? != 0 ] ; then\n    # print error to STDERR\n    echo \"error: The sandbox is not in sync with the Podfile.lock. Run 'pod install' or update your CocoaPods installation.\" >&2\n    exit 1\nfi\n# This output is used by Xcode 'outputs' to avoid re-running this script phase.\necho \"SUCCESS\" > \"${SCRIPT_OUTPUT_FILE_0}\"\n";
			showEnvVarsInLog = 0;
		};
		B64F9D2E0E8E261022DFF84C /* [CP] Check Pods Manifest.lock */ = {
			isa = PBXShellScriptBuildPhase;
			buildActionMask = 2147483647;
			files = (
			);
			inputFileListPaths = (
			);
			inputPaths = (
				"${PODS_PODFILE_DIR_PATH}/Podfile.lock",
				"${PODS_ROOT}/Manifest.lock",
			);
			name = "[CP] Check Pods Manifest.lock";
			outputFileListPaths = (
			);
			outputPaths = (
				"$(DERIVED_FILE_DIR)/Pods-google-file-manager-checkManifestLockResult.txt",
			);
			runOnlyForDeploymentPostprocessing = 0;
			shellPath = /bin/sh;
			shellScript = "diff \"${PODS_PODFILE_DIR_PATH}/Podfile.lock\" \"${PODS_ROOT}/Manifest.lock\" > /dev/null\nif [ $? != 0 ] ; then\n    # print error to STDERR\n    echo \"error: The sandbox is not in sync with the Podfile.lock. Run 'pod install' or update your CocoaPods installation.\" >&2\n    exit 1\nfi\n# This output is used by Xcode 'outputs' to avoid re-running this script phase.\necho \"SUCCESS\" > \"${SCRIPT_OUTPUT_FILE_0}\"\n";
			showEnvVarsInLog = 0;
		};
		FCC56662FE4019AD64850FC9 /* [CP] Embed Pods Frameworks */ = {
			isa = PBXShellScriptBuildPhase;
			buildActionMask = 2147483647;
			files = (
			);
			inputFileListPaths = (
				"${PODS_ROOT}/Target Support Files/Pods-google-file-manager-google-file-managerUITests/Pods-google-file-manager-google-file-managerUITests-frameworks-${CONFIGURATION}-input-files.xcfilelist",
			);
			name = "[CP] Embed Pods Frameworks";
			outputFileListPaths = (
				"${PODS_ROOT}/Target Support Files/Pods-google-file-manager-google-file-managerUITests/Pods-google-file-manager-google-file-managerUITests-frameworks-${CONFIGURATION}-output-files.xcfilelist",
			);
			runOnlyForDeploymentPostprocessing = 0;
			shellPath = /bin/sh;
			shellScript = "\"${PODS_ROOT}/Target Support Files/Pods-google-file-manager-google-file-managerUITests/Pods-google-file-manager-google-file-managerUITests-frameworks.sh\"\n";
			showEnvVarsInLog = 0;
		};
/* End PBXShellScriptBuildPhase section */

/* Begin PBXSourcesBuildPhase section */
		F34B18602850CB4C00128204 /* Sources */ = {
			isa = PBXSourcesBuildPhase;
			buildActionMask = 2147483647;
			files = (
				F398BA97285875CC0012041E /* FilesCollectionViewCell.swift in Sources */,
				F34B189D2851BD5F00128204 /* AuthenticationViewModel.swift in Sources */,
				F398BA87285701350012041E /* FilesViewModelType.swift in Sources */,
				F34B189F28536A3600128204 /* UIView+Extension.swift in Sources */,
				F3C51E9028548E5D00C23755 /* FilesModel.swift in Sources */,
				F3C51E8B28548CD900C23755 /* NetworkService.swift in Sources */,
				F34B18992851AB8C00128204 /* GoogleService.swift in Sources */,
				F34B186C2850CB4C00128204 /* ViewController.swift in Sources */,
				F398BA90285709AD0012041E /* FilesItemViewModel.swift in Sources */,
				F398BA8A285701F40012041E /* FilesItemViewModelType.swift in Sources */,
				F398BA9328570E900012041E /* FilesTableViewCell.swift in Sources */,
				F34B18682850CB4C00128204 /* AppDelegate.swift in Sources */,
				F34B189B2851AEBE00128204 /* SignInViewController.swift in Sources */,
				F398BA9528571A960012041E /* UIImage+Extension.swift in Sources */,
				F398BA8C285702D90012041E /* UIColor+Extension.swift in Sources */,
				F398BA7F2856FA200012041E /* FilesViewController.swift in Sources */,
				F398BA8E285706050012041E /* FilesViewModel.swift in Sources */,
				F34B186A2850CB4C00128204 /* SceneDelegate.swift in Sources */,
			);
			runOnlyForDeploymentPostprocessing = 0;
		};
		F34B18762850CB4D00128204 /* Sources */ = {
			isa = PBXSourcesBuildPhase;
			buildActionMask = 2147483647;
			files = (
				F398BA992859B51B0012041E /* FilesViewModelTests.swift in Sources */,
				F398BA9B2859CA400012041E /* FilesModelTests.swift in Sources */,
				F34B187F2850CB4D00128204 /* google_file_managerTests.swift in Sources */,
			);
			runOnlyForDeploymentPostprocessing = 0;
		};
		F34B18802850CB4D00128204 /* Sources */ = {
			isa = PBXSourcesBuildPhase;
			buildActionMask = 2147483647;
			files = (
				F34B18892850CB4D00128204 /* google_file_managerUITests.swift in Sources */,
				F34B188B2850CB4D00128204 /* google_file_managerUITestsLaunchTests.swift in Sources */,
			);
			runOnlyForDeploymentPostprocessing = 0;
		};
/* End PBXSourcesBuildPhase section */

/* Begin PBXTargetDependency section */
		F34B187C2850CB4D00128204 /* PBXTargetDependency */ = {
			isa = PBXTargetDependency;
			target = F34B18632850CB4C00128204 /* google-file-manager */;
			targetProxy = F34B187B2850CB4D00128204 /* PBXContainerItemProxy */;
		};
		F34B18862850CB4D00128204 /* PBXTargetDependency */ = {
			isa = PBXTargetDependency;
			target = F34B18632850CB4C00128204 /* google-file-manager */;
			targetProxy = F34B18852850CB4D00128204 /* PBXContainerItemProxy */;
		};
/* End PBXTargetDependency section */

/* Begin PBXVariantGroup section */
		F34B18722850CB4D00128204 /* LaunchScreen.storyboard */ = {
			isa = PBXVariantGroup;
			children = (
				F34B18732850CB4D00128204 /* Base */,
			);
			name = LaunchScreen.storyboard;
			sourceTree = "<group>";
		};
/* End PBXVariantGroup section */

/* Begin XCBuildConfiguration section */
		F34B188C2850CB4D00128204 /* Debug */ = {
			isa = XCBuildConfiguration;
			buildSettings = {
				ALWAYS_SEARCH_USER_PATHS = NO;
				CLANG_ANALYZER_NONNULL = YES;
				CLANG_ANALYZER_NUMBER_OBJECT_CONVERSION = YES_AGGRESSIVE;
				CLANG_CXX_LANGUAGE_STANDARD = "gnu++17";
				CLANG_ENABLE_MODULES = YES;
				CLANG_ENABLE_OBJC_ARC = YES;
				CLANG_ENABLE_OBJC_WEAK = YES;
				CLANG_WARN_BLOCK_CAPTURE_AUTORELEASING = YES;
				CLANG_WARN_BOOL_CONVERSION = YES;
				CLANG_WARN_COMMA = YES;
				CLANG_WARN_CONSTANT_CONVERSION = YES;
				CLANG_WARN_DEPRECATED_OBJC_IMPLEMENTATIONS = YES;
				CLANG_WARN_DIRECT_OBJC_ISA_USAGE = YES_ERROR;
				CLANG_WARN_DOCUMENTATION_COMMENTS = YES;
				CLANG_WARN_EMPTY_BODY = YES;
				CLANG_WARN_ENUM_CONVERSION = YES;
				CLANG_WARN_INFINITE_RECURSION = YES;
				CLANG_WARN_INT_CONVERSION = YES;
				CLANG_WARN_NON_LITERAL_NULL_CONVERSION = YES;
				CLANG_WARN_OBJC_IMPLICIT_RETAIN_SELF = YES;
				CLANG_WARN_OBJC_LITERAL_CONVERSION = YES;
				CLANG_WARN_OBJC_ROOT_CLASS = YES_ERROR;
				CLANG_WARN_QUOTED_INCLUDE_IN_FRAMEWORK_HEADER = YES;
				CLANG_WARN_RANGE_LOOP_ANALYSIS = YES;
				CLANG_WARN_STRICT_PROTOTYPES = YES;
				CLANG_WARN_SUSPICIOUS_MOVE = YES;
				CLANG_WARN_UNGUARDED_AVAILABILITY = YES_AGGRESSIVE;
				CLANG_WARN_UNREACHABLE_CODE = YES;
				CLANG_WARN__DUPLICATE_METHOD_MATCH = YES;
				COPY_PHASE_STRIP = NO;
				DEBUG_INFORMATION_FORMAT = dwarf;
				ENABLE_STRICT_OBJC_MSGSEND = YES;
				ENABLE_TESTABILITY = YES;
				GCC_C_LANGUAGE_STANDARD = gnu11;
				GCC_DYNAMIC_NO_PIC = NO;
				GCC_NO_COMMON_BLOCKS = YES;
				GCC_OPTIMIZATION_LEVEL = 0;
				GCC_PREPROCESSOR_DEFINITIONS = (
					"DEBUG=1",
					"$(inherited)",
				);
				GCC_WARN_64_TO_32_BIT_CONVERSION = YES;
				GCC_WARN_ABOUT_RETURN_TYPE = YES_ERROR;
				GCC_WARN_UNDECLARED_SELECTOR = YES;
				GCC_WARN_UNINITIALIZED_AUTOS = YES_AGGRESSIVE;
				GCC_WARN_UNUSED_FUNCTION = YES;
				GCC_WARN_UNUSED_VARIABLE = YES;
				IPHONEOS_DEPLOYMENT_TARGET = 15.5;
				MTL_ENABLE_DEBUG_INFO = INCLUDE_SOURCE;
				MTL_FAST_MATH = YES;
				ONLY_ACTIVE_ARCH = YES;
				SDKROOT = iphoneos;
				SWIFT_ACTIVE_COMPILATION_CONDITIONS = DEBUG;
				SWIFT_OPTIMIZATION_LEVEL = "-Onone";
			};
			name = Debug;
		};
		F34B188D2850CB4D00128204 /* Release */ = {
			isa = XCBuildConfiguration;
			buildSettings = {
				ALWAYS_SEARCH_USER_PATHS = NO;
				CLANG_ANALYZER_NONNULL = YES;
				CLANG_ANALYZER_NUMBER_OBJECT_CONVERSION = YES_AGGRESSIVE;
				CLANG_CXX_LANGUAGE_STANDARD = "gnu++17";
				CLANG_ENABLE_MODULES = YES;
				CLANG_ENABLE_OBJC_ARC = YES;
				CLANG_ENABLE_OBJC_WEAK = YES;
				CLANG_WARN_BLOCK_CAPTURE_AUTORELEASING = YES;
				CLANG_WARN_BOOL_CONVERSION = YES;
				CLANG_WARN_COMMA = YES;
				CLANG_WARN_CONSTANT_CONVERSION = YES;
				CLANG_WARN_DEPRECATED_OBJC_IMPLEMENTATIONS = YES;
				CLANG_WARN_DIRECT_OBJC_ISA_USAGE = YES_ERROR;
				CLANG_WARN_DOCUMENTATION_COMMENTS = YES;
				CLANG_WARN_EMPTY_BODY = YES;
				CLANG_WARN_ENUM_CONVERSION = YES;
				CLANG_WARN_INFINITE_RECURSION = YES;
				CLANG_WARN_INT_CONVERSION = YES;
				CLANG_WARN_NON_LITERAL_NULL_CONVERSION = YES;
				CLANG_WARN_OBJC_IMPLICIT_RETAIN_SELF = YES;
				CLANG_WARN_OBJC_LITERAL_CONVERSION = YES;
				CLANG_WARN_OBJC_ROOT_CLASS = YES_ERROR;
				CLANG_WARN_QUOTED_INCLUDE_IN_FRAMEWORK_HEADER = YES;
				CLANG_WARN_RANGE_LOOP_ANALYSIS = YES;
				CLANG_WARN_STRICT_PROTOTYPES = YES;
				CLANG_WARN_SUSPICIOUS_MOVE = YES;
				CLANG_WARN_UNGUARDED_AVAILABILITY = YES_AGGRESSIVE;
				CLANG_WARN_UNREACHABLE_CODE = YES;
				CLANG_WARN__DUPLICATE_METHOD_MATCH = YES;
				COPY_PHASE_STRIP = NO;
				DEBUG_INFORMATION_FORMAT = "dwarf-with-dsym";
				ENABLE_NS_ASSERTIONS = NO;
				ENABLE_STRICT_OBJC_MSGSEND = YES;
				GCC_C_LANGUAGE_STANDARD = gnu11;
				GCC_NO_COMMON_BLOCKS = YES;
				GCC_WARN_64_TO_32_BIT_CONVERSION = YES;
				GCC_WARN_ABOUT_RETURN_TYPE = YES_ERROR;
				GCC_WARN_UNDECLARED_SELECTOR = YES;
				GCC_WARN_UNINITIALIZED_AUTOS = YES_AGGRESSIVE;
				GCC_WARN_UNUSED_FUNCTION = YES;
				GCC_WARN_UNUSED_VARIABLE = YES;
				IPHONEOS_DEPLOYMENT_TARGET = 15.5;
				MTL_ENABLE_DEBUG_INFO = NO;
				MTL_FAST_MATH = YES;
				ONLY_ACTIVE_ARCH = YES;
				SDKROOT = iphoneos;
				SWIFT_COMPILATION_MODE = wholemodule;
				SWIFT_OPTIMIZATION_LEVEL = "-O";
				VALIDATE_PRODUCT = YES;
			};
			name = Release;
		};
		F34B188F2850CB4D00128204 /* Debug */ = {
			isa = XCBuildConfiguration;
			baseConfigurationReference = 6BC74633C529517040BC2ED6 /* Pods-google-file-manager.debug.xcconfig */;
			buildSettings = {
				ASSETCATALOG_COMPILER_APPICON_NAME = AppIcon;
				ASSETCATALOG_COMPILER_GLOBAL_ACCENT_COLOR_NAME = AccentColor;
				CODE_SIGN_STYLE = Automatic;
				CURRENT_PROJECT_VERSION = 1;
				DEVELOPMENT_TEAM = Q9843C43NA;
				GENERATE_INFOPLIST_FILE = YES;
				INFOPLIST_FILE = "google-file-manager/Info.plist";
				INFOPLIST_KEY_UIApplicationSupportsIndirectInputEvents = YES;
				INFOPLIST_KEY_UILaunchStoryboardName = LaunchScreen;
				INFOPLIST_KEY_UISupportedInterfaceOrientations_iPad = "UIInterfaceOrientationPortrait UIInterfaceOrientationPortraitUpsideDown UIInterfaceOrientationLandscapeLeft UIInterfaceOrientationLandscapeRight";
				INFOPLIST_KEY_UISupportedInterfaceOrientations_iPhone = "UIInterfaceOrientationPortrait UIInterfaceOrientationLandscapeLeft UIInterfaceOrientationLandscapeRight";
				LD_RUNPATH_SEARCH_PATHS = (
					"$(inherited)",
					"@executable_path/Frameworks",
				);
				MARKETING_VERSION = 1.0;
				PRODUCT_BUNDLE_IDENTIFIER = "ICSOFT.google-file-manager";
				PRODUCT_NAME = "$(TARGET_NAME)";
				SWIFT_EMIT_LOC_STRINGS = YES;
				SWIFT_VERSION = 5.0;
				TARGETED_DEVICE_FAMILY = "1,2";
			};
			name = Debug;
		};
		F34B18902850CB4D00128204 /* Release */ = {
			isa = XCBuildConfiguration;
			baseConfigurationReference = 14EA662A8A5947D446BC4A8F /* Pods-google-file-manager.release.xcconfig */;
			buildSettings = {
				ASSETCATALOG_COMPILER_APPICON_NAME = AppIcon;
				ASSETCATALOG_COMPILER_GLOBAL_ACCENT_COLOR_NAME = AccentColor;
				CODE_SIGN_STYLE = Automatic;
				CURRENT_PROJECT_VERSION = 1;
				DEVELOPMENT_TEAM = Q9843C43NA;
				GENERATE_INFOPLIST_FILE = YES;
				INFOPLIST_FILE = "google-file-manager/Info.plist";
				INFOPLIST_KEY_UIApplicationSupportsIndirectInputEvents = YES;
				INFOPLIST_KEY_UILaunchStoryboardName = LaunchScreen;
				INFOPLIST_KEY_UISupportedInterfaceOrientations_iPad = "UIInterfaceOrientationPortrait UIInterfaceOrientationPortraitUpsideDown UIInterfaceOrientationLandscapeLeft UIInterfaceOrientationLandscapeRight";
				INFOPLIST_KEY_UISupportedInterfaceOrientations_iPhone = "UIInterfaceOrientationPortrait UIInterfaceOrientationLandscapeLeft UIInterfaceOrientationLandscapeRight";
				LD_RUNPATH_SEARCH_PATHS = (
					"$(inherited)",
					"@executable_path/Frameworks",
				);
				MARKETING_VERSION = 1.0;
				PRODUCT_BUNDLE_IDENTIFIER = "ICSOFT.google-file-manager";
				PRODUCT_NAME = "$(TARGET_NAME)";
				SWIFT_EMIT_LOC_STRINGS = YES;
				SWIFT_VERSION = 5.0;
				TARGETED_DEVICE_FAMILY = "1,2";
			};
			name = Release;
		};
		F34B18922850CB4D00128204 /* Debug */ = {
			isa = XCBuildConfiguration;
			baseConfigurationReference = 2A6FF36EEEB0921B54FD7570 /* Pods-google-file-managerTests.debug.xcconfig */;
			buildSettings = {
				ALWAYS_EMBED_SWIFT_STANDARD_LIBRARIES = YES;
				BUNDLE_LOADER = "$(TEST_HOST)";
				CODE_SIGN_STYLE = Automatic;
				CURRENT_PROJECT_VERSION = 1;
				DEVELOPMENT_TEAM = Q9843C43NA;
				GENERATE_INFOPLIST_FILE = YES;
				IPHONEOS_DEPLOYMENT_TARGET = 15.5;
				MARKETING_VERSION = 1.0;
				PRODUCT_BUNDLE_IDENTIFIER = "ICSOFT.google-file-managerTests";
				PRODUCT_NAME = "$(TARGET_NAME)";
				SWIFT_EMIT_LOC_STRINGS = NO;
				SWIFT_VERSION = 5.0;
				TARGETED_DEVICE_FAMILY = "1,2";
				TEST_HOST = "$(BUILT_PRODUCTS_DIR)/google-file-manager.app/google-file-manager";
			};
			name = Debug;
		};
		F34B18932850CB4D00128204 /* Release */ = {
			isa = XCBuildConfiguration;
			baseConfigurationReference = 80BA9C49BFFD607F771080B6 /* Pods-google-file-managerTests.release.xcconfig */;
			buildSettings = {
				ALWAYS_EMBED_SWIFT_STANDARD_LIBRARIES = YES;
				BUNDLE_LOADER = "$(TEST_HOST)";
				CODE_SIGN_STYLE = Automatic;
				CURRENT_PROJECT_VERSION = 1;
				DEVELOPMENT_TEAM = Q9843C43NA;
				GENERATE_INFOPLIST_FILE = YES;
				IPHONEOS_DEPLOYMENT_TARGET = 15.5;
				MARKETING_VERSION = 1.0;
				PRODUCT_BUNDLE_IDENTIFIER = "ICSOFT.google-file-managerTests";
				PRODUCT_NAME = "$(TARGET_NAME)";
				SWIFT_EMIT_LOC_STRINGS = NO;
				SWIFT_VERSION = 5.0;
				TARGETED_DEVICE_FAMILY = "1,2";
				TEST_HOST = "$(BUILT_PRODUCTS_DIR)/google-file-manager.app/google-file-manager";
			};
			name = Release;
		};
		F34B18952850CB4D00128204 /* Debug */ = {
			isa = XCBuildConfiguration;
			baseConfigurationReference = AEED8B8C14620F24F5846899 /* Pods-google-file-manager-google-file-managerUITests.debug.xcconfig */;
			buildSettings = {
				ALWAYS_EMBED_SWIFT_STANDARD_LIBRARIES = YES;
				CODE_SIGN_STYLE = Automatic;
				CURRENT_PROJECT_VERSION = 1;
				DEVELOPMENT_TEAM = Q9843C43NA;
				GENERATE_INFOPLIST_FILE = YES;
				MARKETING_VERSION = 1.0;
				PRODUCT_BUNDLE_IDENTIFIER = "ICSOFT.google-file-managerUITests";
				PRODUCT_NAME = "$(TARGET_NAME)";
				SWIFT_EMIT_LOC_STRINGS = NO;
				SWIFT_VERSION = 5.0;
				TARGETED_DEVICE_FAMILY = "1,2";
				TEST_TARGET_NAME = "google-file-manager";
			};
			name = Debug;
		};
		F34B18962850CB4D00128204 /* Release */ = {
			isa = XCBuildConfiguration;
			baseConfigurationReference = 7B9E8D04E05ADD2DB44AA3B2 /* Pods-google-file-manager-google-file-managerUITests.release.xcconfig */;
			buildSettings = {
				ALWAYS_EMBED_SWIFT_STANDARD_LIBRARIES = YES;
				CODE_SIGN_STYLE = Automatic;
				CURRENT_PROJECT_VERSION = 1;
				DEVELOPMENT_TEAM = Q9843C43NA;
				GENERATE_INFOPLIST_FILE = YES;
				MARKETING_VERSION = 1.0;
				PRODUCT_BUNDLE_IDENTIFIER = "ICSOFT.google-file-managerUITests";
				PRODUCT_NAME = "$(TARGET_NAME)";
				SWIFT_EMIT_LOC_STRINGS = NO;
				SWIFT_VERSION = 5.0;
				TARGETED_DEVICE_FAMILY = "1,2";
				TEST_TARGET_NAME = "google-file-manager";
			};
			name = Release;
		};
/* End XCBuildConfiguration section */

/* Begin XCConfigurationList section */
		F34B185F2850CB4C00128204 /* Build configuration list for PBXProject "google-file-manager" */ = {
			isa = XCConfigurationList;
			buildConfigurations = (
				F34B188C2850CB4D00128204 /* Debug */,
				F34B188D2850CB4D00128204 /* Release */,
			);
			defaultConfigurationIsVisible = 0;
			defaultConfigurationName = Release;
		};
		F34B188E2850CB4D00128204 /* Build configuration list for PBXNativeTarget "google-file-manager" */ = {
			isa = XCConfigurationList;
			buildConfigurations = (
				F34B188F2850CB4D00128204 /* Debug */,
				F34B18902850CB4D00128204 /* Release */,
			);
			defaultConfigurationIsVisible = 0;
			defaultConfigurationName = Release;
		};
		F34B18912850CB4D00128204 /* Build configuration list for PBXNativeTarget "google-file-managerTests" */ = {
			isa = XCConfigurationList;
			buildConfigurations = (
				F34B18922850CB4D00128204 /* Debug */,
				F34B18932850CB4D00128204 /* Release */,
			);
			defaultConfigurationIsVisible = 0;
			defaultConfigurationName = Release;
		};
		F34B18942850CB4D00128204 /* Build configuration list for PBXNativeTarget "google-file-managerUITests" */ = {
			isa = XCConfigurationList;
			buildConfigurations = (
				F34B18952850CB4D00128204 /* Debug */,
				F34B18962850CB4D00128204 /* Release */,
			);
			defaultConfigurationIsVisible = 0;
			defaultConfigurationName = Release;
		};
/* End XCConfigurationList section */
	};
	rootObject = F34B185C2850CB4C00128204 /* Project object */;
}
